Microsoft Visual Studio Solution File, Format Version 11.00
# Visual Studio 2008

Project("{E9C826B0-42BF-A0FB-4AFE-8CAFAAA7E839}") = "SpartaHack", "Assembly-CSharp.csproj", "{A88B0922-F914-A443-5358-A3738C139F3A}"
EndProject
Global
	GlobalSection(SolutionConfigurationPlatforms) = preSolution
		Debug|Any CPU = Debug|Any CPU
		Release|Any CPU = Release|Any CPU
	EndGlobalSection
	GlobalSection(ProjectConfigurationPlatforms) = postSolution
		{A88B0922-F914-A443-5358-A3738C139F3A}.Debug|Any CPU.ActiveCfg = Debug|Any CPU
		{A88B0922-F914-A443-5358-A3738C139F3A}.Debug|Any CPU.Build.0 = Debug|Any CPU
		{A88B0922-F914-A443-5358-A3738C139F3A}.Release|Any CPU.ActiveCfg = Release|Any CPU
		{A88B0922-F914-A443-5358-A3738C139F3A}.Release|Any CPU.Build.0 = Release|Any CPU
	EndGlobalSection
	GlobalSection(SolutionProperties) = preSolution
		HideSolutionNode = FALSE
	EndGlobalSection
	GlobalSection(MonoDevelopProperties) = preSolution
		StartupItem = Assembly-CSharp.csproj
	EndGlobalSection
EndGlobal
